// !$*UTF8*$!
{
	archiveVersion = 1;
	classes = {
	};
	objectVersion = 46;
	objects = {

/* Begin PBXBuildFile section */
		770942C71C864016007A05AE /* AppDelegate.swift in Sources */ = {isa = PBXBuildFile; fileRef = 770942C61C864016007A05AE /* AppDelegate.swift */; };
		770942C91C864016007A05AE /* ViewController.swift in Sources */ = {isa = PBXBuildFile; fileRef = 770942C81C864016007A05AE /* ViewController.swift */; };
		770942CC1C864016007A05AE /* Main.storyboard in Resources */ = {isa = PBXBuildFile; fileRef = 770942CA1C864016007A05AE /* Main.storyboard */; };
		770942CE1C864016007A05AE /* Assets.xcassets in Resources */ = {isa = PBXBuildFile; fileRef = 770942CD1C864016007A05AE /* Assets.xcassets */; };
		770942D11C864016007A05AE /* LaunchScreen.storyboard in Resources */ = {isa = PBXBuildFile; fileRef = 770942CF1C864016007A05AE /* LaunchScreen.storyboard */; };
/* End PBXBuildFile section */

/* Begin PBXFileReference section */
		770942C31C864016007A05AE /* Captioner.app */ = {isa = PBXFileReference; explicitFileType = wrapper.application; includeInIndex = 0; path = Captioner.app; sourceTree = BUILT_PRODUCTS_DIR; };
		770942C61C864016007A05AE /* AppDelegate.swift */ = {isa = PBXFileReference; lastKnownFileType = sourcecode.swift; path = AppDelegate.swift; sourceTree = "<group>"; };
		770942C81C864016007A05AE /* ViewController.swift */ = {isa = PBXFileReference; lastKnownFileType = sourcecode.swift; path = ViewController.swift; sourceTree = "<group>"; };
		770942CB1C864016007A05AE /* Base */ = {isa = PBXFileReference; lastKnownFileType = file.storyboard; name = Base; path = Base.lproj/Main.storyboard; sourceTree = "<group>"; };
		770942CD1C864016007A05AE /* Assets.xcassets */ = {isa = PBXFileReference; lastKnownFileType = folder.assetcatalog; path = Assets.xcassets; sourceTree = "<group>"; };
		770942D01C864016007A05AE /* Base */ = {isa = PBXFileReference; lastKnownFileType = file.storyboard; name = Base; path = Base.lproj/LaunchScreen.storyboard; sourceTree = "<group>"; };
		770942D21C864016007A05AE /* Info.plist */ = {isa = PBXFileReference; lastKnownFileType = text.plist.xml; path = Info.plist; sourceTree = "<group>"; };
/* End PBXFileReference section */

/* Begin PBXFrameworksBuildPhase section */
		770942C01C864016007A05AE /* Frameworks */ = {
			isa = PBXFrameworksBuildPhase;
			buildActionMask = 2147483647;
			files = (
			);
			runOnlyForDeploymentPostprocessing = 0;
		};
/* End PBXFrameworksBuildPhase section */

/* Begin PBXGroup section */
		770942BA1C864016007A05AE = {
			isa = PBXGroup;
			children = (
				770942C51C864016007A05AE /* Captioner */,
				770942C41C864016007A05AE /* Products */,
			);
			sourceTree = "<group>";
		};
		770942C41C864016007A05AE /* Products */ = {
			isa = PBXGroup;
			children = (
				770942C31C864016007A05AE /* Captioner.app */,
			);
			name = Products;
			sourceTree = "<group>";
		};
		770942C51C864016007A05AE /* Captioner */ = {
			isa = PBXGroup;
			children = (
				770942C61C864016007A05AE /* AppDelegate.swift */,
				770942C81C864016007A05AE /* ViewController.swift */,
				770942CA1C864016007A05AE /* Main.storyboard */,
				770942CD1C864016007A05AE /* Assets.xcassets */,
				770942CF1C864016007A05AE /* LaunchScreen.storyboard */,
				770942D21C864016007A05AE /* Info.plist */,
			);
			path = Captioner;
			sourceTree = "<group>";
		};
/* End PBXGroup section */

/* Begin PBXNativeTarget section */
		770942C21C864016007A05AE /* Captioner */ = {
			isa = PBXNativeTarget;
			buildConfigurationList = 770942D51C864016007A05AE /* Build configuration list for PBXNativeTarget "Captioner" */;
			buildPhases = (
				770942BF1C864016007A05AE /* Sources */,
				770942C01C864016007A05AE /* Frameworks */,
				770942C11C864016007A05AE /* Resources */,
			);
			buildRules = (
			);
			dependencies = (
			);
			name = Captioner;
			productName = Captioner;
			productReference = 770942C31C864016007A05AE /* Captioner.app */;
			productType = "com.apple.product-type.application";
		};
/* End PBXNativeTarget section */

/* Begin PBXProject section */
		770942BB1C864016007A05AE /* Project object */ = {
			isa = PBXProject;
			attributes = {
				LastSwiftUpdateCheck = 0720;
				LastUpgradeCheck = 0720;
				ORGANIZATIONNAME = "Daylen Yang";
				TargetAttributes = {
					770942C21C864016007A05AE = {
						CreatedOnToolsVersion = 7.2.1;
					};
				};
			};
			buildConfigurationList = 770942BE1C864016007A05AE /* Build configuration list for PBXProject "Captioner" */;
			compatibilityVersion = "Xcode 3.2";
			developmentRegion = English;
			hasScannedForEncodings = 0;
			knownRegions = (
				en,
				Base,
			);
			mainGroup = 770942BA1C864016007A05AE;
			productRefGroup = 770942C41C864016007A05AE /* Products */;
			projectDirPath = "";
			projectRoot = "";
			targets = (
				770942C21C864016007A05AE /* Captioner */,
			);
		};
/* End PBXProject section */

/* Begin PBXResourcesBuildPhase section */
		770942C11C864016007A05AE /* Resources */ = {
			isa = PBXResourcesBuildPhase;
			buildActionMask = 2147483647;
			files = (
				770942D11C864016007A05AE /* LaunchScreen.storyboard in Resources */,
				770942CE1C864016007A05AE /* Assets.xcassets in Resources */,
				770942CC1C864016007A05AE /* Main.storyboard in Resources */,
			);
			runOnlyForDeploymentPostprocessing = 0;
		};
/* End PBXResourcesBuildPhase section */

/* Begin PBXSourcesBuildPhase section */
		770942BF1C864016007A05AE /* Sources */ = {
			isa = PBXSourcesBuildPhase;
			buildActionMask = 2147483647;
			files = (
				770942C91C864016007A05AE /* ViewController.swift in Sources */,
				770942C71C864016007A05AE /* AppDelegate.swift in Sources */,
			);
			runOnlyForDeploymentPostprocessing = 0;
		};
/* End PBXSourcesBuildPhase section */

/* Begin PBXVariantGroup section */
		770942CA1C864016007A05AE /* Main.storyboard */ = {
			isa = PBXVariantGroup;
			children = (
				770942CB1C864016007A05AE /* Base */,
			);
			name = Main.storyboard;
			sourceTree = "<group>";
		};
		770942CF1C864016007A05AE /* LaunchScreen.storyboard */ = {
			isa = PBXVariantGroup;
			children = (
				770942D01C864016007A05AE /* Base */,
			);
			name = LaunchScreen.storyboard;
			sourceTree = "<group>";
		};
/* End PBXVariantGroup section */

/* Begin XCBuildConfiguration section */
		770942D31C864016007A05AE /* Debug */ = {
			isa = XCBuildConfiguration;
			buildSettings = {
				ALWAYS_SEARCH_USER_PATHS = NO;
				CLANG_CXX_LANGUAGE_STANDARD = "gnu++0x";
				CLANG_CXX_LIBRARY = "libc++";
				CLANG_ENABLE_MODULES = YES;
				CLANG_ENABLE_OBJC_ARC = YES;
				CLANG_WARN_BOOL_CONVERSION = YES;
				CLANG_WARN_CONSTANT_CONVERSION = YES;
				CLANG_WARN_DIRECT_OBJC_ISA_USAGE = YES_ERROR;
				CLANG_WARN_EMPTY_BODY = YES;
				CLANG_WARN_ENUM_CONVERSION = YES;
				CLANG_WARN_INT_CONVERSION = YES;
				CLANG_WARN_OBJC_ROOT_CLASS = YES_ERROR;
				CLANG_WARN_UNREACHABLE_CODE = YES;
				CLANG_WARN__DUPLICATE_METHOD_MATCH = YES;
				"CODE_SIGN_IDENTITY[sdk=iphoneos*]" = "iPhone Developer";
				COPY_PHASE_STRIP = NO;
				DEBUG_INFORMATION_FORMAT = dwarf;
				ENABLE_STRICT_OBJC_MSGSEND = YES;
				ENABLE_TESTABILITY = YES;
				GCC_C_LANGUAGE_STANDARD = gnu99;
				GCC_DYNAMIC_NO_PIC = NO;
				GCC_NO_COMMON_BLOCKS = YES;
				GCC_OPTIMIZATION_LEVEL = 0;
				GCC_PREPROCESSOR_DEFINITIONS = (
					"DEBUG=1",
					"$(inherited)",
				);
				GCC_WARN_64_TO_32_BIT_CONVERSION = YES;
				GCC_WARN_ABOUT_RETURN_TYPE = YES_ERROR;
				GCC_WARN_UNDECLARED_SELECTOR = YES;
				GCC_WARN_UNINITIALIZED_AUTOS = YES_AGGRESSIVE;
				GCC_WARN_UNUSED_FUNCTION = YES;
				GCC_WARN_UNUSED_VARIABLE = YES;
				IPHONEOS_DEPLOYMENT_TARGET = 9.2;
				MTL_ENABLE_DEBUG_INFO = YES;
				ONLY_ACTIVE_ARCH = YES;
				SDKROOT = iphoneos;
				SWIFT_OPTIMIZATION_LEVEL = "-Onone";
			};
			name = Debug;
		};
		770942D41C864016007A05AE /* Release */ = {
			isa = XCBuildConfiguration;
			buildSettings = {
				ALWAYS_SEARCH_USER_PATHS = NO;
				CLANG_CXX_LANGUAGE_STANDARD = "gnu++0x";
				CLANG_CXX_LIBRARY = "libc++";
				CLANG_ENABLE_MODULES = YES;
				CLANG_ENABLE_OBJC_ARC = YES;
				CLANG_WARN_BOOL_CONVERSION = YES;
				CLANG_WARN_CONSTANT_CONVERSION = YES;
				CLANG_WARN_DIRECT_OBJC_ISA_USAGE = YES_ERROR;
				CLANG_WARN_EMPTY_BODY = YES;
				CLANG_WARN_ENUM_CONVERSION = YES;
				CLANG_WARN_INT_CONVERSION = YES;
				CLANG_WARN_OBJC_ROOT_CLASS = YES_ERROR;
				CLANG_WARN_UNREACHABLE_CODE = YES;
				CLANG_WARN__DUPLICATE_METHOD_MATCH = YES;
				"CODE_SIGN_IDENTITY[sdk=iphoneos*]" = "iPhone Developer";
				COPY_PHASE_STRIP = NO;
				DEBUG_INFORMATION_FORMAT = "dwarf-with-dsym";
				ENABLE_NS_ASSERTIONS = NO;
				ENABLE_STRICT_OBJC_MSGSEND = YES;
				GCC_C_LANGUAGE_STANDARD = gnu99;
				GCC_NO_COMMON_BLOCKS = YES;
				GCC_WARN_64_TO_32_BIT_CONVERSION = YES;
				GCC_WARN_ABOUT_RETURN_TYPE = YES_ERROR;
				GCC_WARN_UNDECLARED_SELECTOR = YES;
				GCC_WARN_UNINITIALIZED_AUTOS = YES_AGGRESSIVE;
				GCC_WARN_UNUSED_FUNCTION = YES;
				GCC_WARN_UNUSED_VARIABLE = YES;
				IPHONEOS_DEPLOYMENT_TARGET = 9.2;
				MTL_ENABLE_DEBUG_INFO = NO;
				SDKROOT = iphoneos;
				VALIDATE_PRODUCT = YES;
			};
			name = Release;
		};
		770942D61C864016007A05AE /* Debug */ = {
			isa = XCBuildConfiguration;
			buildSettings = {
				ASSETCATALOG_COMPILER_APPICON_NAME = AppIcon;
				INFOPLIST_FILE = Captioner/Info.plist;
				LD_RUNPATH_SEARCH_PATHS = "$(inherited) @executable_path/Frameworks";
				PRODUCT_BUNDLE_IDENTIFIER = com.daylenyang.Captioner;
				PRODUCT_NAME = "$(TARGET_NAME)";
			};
			name = Debug;
		};
		770942D71C864016007A05AE /* Release */ = {
			isa = XCBuildConfiguration;
			buildSettings = {
				ASSETCATALOG_COMPILER_APPICON_NAME = AppIcon;
				INFOPLIST_FILE = Captioner/Info.plist;
				LD_RUNPATH_SEARCH_PATHS = "$(inherited) @executable_path/Frameworks";
				PRODUCT_BUNDLE_IDENTIFIER = com.daylenyang.Captioner;
				PRODUCT_NAME = "$(TARGET_NAME)";
			};
			name = Release;
		};
/* End XCBuildConfiguration section */

/* Begin XCConfigurationList section */
		770942BE1C864016007A05AE /* Build configuration list for PBXProject "Captioner" */ = {
			isa = XCConfigurationList;
			buildConfigurations = (
				770942D31C864016007A05AE /* Debug */,
				770942D41C864016007A05AE /* Release */,
			);
			defaultConfigurationIsVisible = 0;
			defaultConfigurationName = Release;
		};
		770942D51C864016007A05AE /* Build configuration list for PBXNativeTarget "Captioner" */ = {
			isa = XCConfigurationList;
			buildConfigurations = (
				770942D61C864016007A05AE /* Debug */,
				770942D71C864016007A05AE /* Release */,
			);
			defaultConfigurationIsVisible = 0;
		};
/* End XCConfigurationList section */
	};
	rootObject = 770942BB1C864016007A05AE /* Project object */;
}
