// !$*UTF8*$!
{
	archiveVersion = 1;
	classes = {
	};
	objectVersion = 46;
	objects = {

/* Begin PBXBuildFile section */
		26948EA19D55049F9DDBB76B /* Pods_Captioner.framework in Frameworks */ = {isa = PBXBuildFile; fileRef = 4D18369EABA51889FD2CB69E /* Pods_Captioner.framework */; settings = {ATTRIBUTES = (Weak, ); }; };
		770942C71C864016007A05AE /* AppDelegate.swift in Sources */ = {isa = PBXBuildFile; fileRef = 770942C61C864016007A05AE /* AppDelegate.swift */; };
		770942C91C864016007A05AE /* ViewController.swift in Sources */ = {isa = PBXBuildFile; fileRef = 770942C81C864016007A05AE /* ViewController.swift */; };
		770942CC1C864016007A05AE /* Main.storyboard in Resources */ = {isa = PBXBuildFile; fileRef = 770942CA1C864016007A05AE /* Main.storyboard */; };
		770942CE1C864016007A05AE /* Assets.xcassets in Resources */ = {isa = PBXBuildFile; fileRef = 770942CD1C864016007A05AE /* Assets.xcassets */; };
		770942D11C864016007A05AE /* LaunchScreen.storyboard in Resources */ = {isa = PBXBuildFile; fileRef = 770942CF1C864016007A05AE /* LaunchScreen.storyboard */; };
		77F33B401C876A500060E512 /* CaptionViewController.swift in Sources */ = {isa = PBXBuildFile; fileRef = 77F33B3F1C876A500060E512 /* CaptionViewController.swift */; };
/* End PBXBuildFile section */

/* Begin PBXFileReference section */
		1FAF3997521A65B63EC92588 /* Pods-Captioner.debug.xcconfig */ = {isa = PBXFileReference; includeInIndex = 1; lastKnownFileType = text.xcconfig; name = "Pods-Captioner.debug.xcconfig"; path = "Pods/Target Support Files/Pods-Captioner/Pods-Captioner.debug.xcconfig"; sourceTree = "<group>"; };
		4D18369EABA51889FD2CB69E /* Pods_Captioner.framework */ = {isa = PBXFileReference; explicitFileType = wrapper.framework; includeInIndex = 0; path = Pods_Captioner.framework; sourceTree = BUILT_PRODUCTS_DIR; };
		770942C31C864016007A05AE /* Captioner.app */ = {isa = PBXFileReference; explicitFileType = wrapper.application; includeInIndex = 0; path = Captioner.app; sourceTree = BUILT_PRODUCTS_DIR; };
		770942C61C864016007A05AE /* AppDelegate.swift */ = {isa = PBXFileReference; lastKnownFileType = sourcecode.swift; path = AppDelegate.swift; sourceTree = "<group>"; };
		770942C81C864016007A05AE /* ViewController.swift */ = {isa = PBXFileReference; lastKnownFileType = sourcecode.swift; path = ViewController.swift; sourceTree = "<group>"; };
		770942CB1C864016007A05AE /* Base */ = {isa = PBXFileReference; lastKnownFileType = file.storyboard; name = Base; path = Base.lproj/Main.storyboard; sourceTree = "<group>"; };
		770942CD1C864016007A05AE /* Assets.xcassets */ = {isa = PBXFileReference; lastKnownFileType = folder.assetcatalog; path = Assets.xcassets; sourceTree = "<group>"; };
		770942D01C864016007A05AE /* Base */ = {isa = PBXFileReference; lastKnownFileType = file.storyboard; name = Base; path = Base.lproj/LaunchScreen.storyboard; sourceTree = "<group>"; };
		770942D21C864016007A05AE /* Info.plist */ = {isa = PBXFileReference; lastKnownFileType = text.plist.xml; path = Info.plist; sourceTree = "<group>"; };
		77F33B3F1C876A500060E512 /* CaptionViewController.swift */ = {isa = PBXFileReference; fileEncoding = 4; lastKnownFileType = sourcecode.swift; path = CaptionViewController.swift; sourceTree = "<group>"; };
		E505E16AB8CF3EFFEC968C18 /* Pods-Captioner.release.xcconfig */ = {isa = PBXFileReference; includeInIndex = 1; lastKnownFileType = text.xcconfig; name = "Pods-Captioner.release.xcconfig"; path = "Pods/Target Support Files/Pods-Captioner/Pods-Captioner.release.xcconfig"; sourceTree = "<group>"; };
/* End PBXFileReference section */

/* Begin PBXFrameworksBuildPhase section */
		770942C01C864016007A05AE /* Frameworks */ = {
			isa = PBXFrameworksBuildPhase;
			buildActionMask = 2147483647;
			files = (
				26948EA19D55049F9DDBB76B /* Pods_Captioner.framework in Frameworks */,
			);
			runOnlyForDeploymentPostprocessing = 0;
		};
/* End PBXFrameworksBuildPhase section */

/* Begin PBXGroup section */
		770942BA1C864016007A05AE = {
			isa = PBXGroup;
			children = (
				770942C51C864016007A05AE /* Captioner */,
				770942C41C864016007A05AE /* Products */,
				D67606AC00280FF47C384F7B /* Pods */,
				AF4715819131A37A36116B9C /* Frameworks */,
			);
			sourceTree = "<group>";
		};
		770942C41C864016007A05AE /* Products */ = {
			isa = PBXGroup;
			children = (
				770942C31C864016007A05AE /* Captioner.app */,
			);
			name = Products;
			sourceTree = "<group>";
		};
		770942C51C864016007A05AE /* Captioner */ = {
			isa = PBXGroup;
			children = (
				770942C61C864016007A05AE /* AppDelegate.swift */,
				770942C81C864016007A05AE /* ViewController.swift */,
				770942CA1C864016007A05AE /* Main.storyboard */,
				770942CD1C864016007A05AE /* Assets.xcassets */,
				770942CF1C864016007A05AE /* LaunchScreen.storyboard */,
				770942D21C864016007A05AE /* Info.plist */,
				77F33B3F1C876A500060E512 /* CaptionViewController.swift */,
			);
			path = Captioner;
			sourceTree = "<group>";
		};
		AF4715819131A37A36116B9C /* Frameworks */ = {
			isa = PBXGroup;
			children = (
				4D18369EABA51889FD2CB69E /* Pods_Captioner.framework */,
			);
			name = Frameworks;
			sourceTree = "<group>";
		};
		D67606AC00280FF47C384F7B /* Pods */ = {
			isa = PBXGroup;
			children = (
				1FAF3997521A65B63EC92588 /* Pods-Captioner.debug.xcconfig */,
				E505E16AB8CF3EFFEC968C18 /* Pods-Captioner.release.xcconfig */,
			);
			name = Pods;
			sourceTree = "<group>";
		};
/* End PBXGroup section */

/* Begin PBXNativeTarget section */
		770942C21C864016007A05AE /* Captioner */ = {
			isa = PBXNativeTarget;
			buildConfigurationList = 770942D51C864016007A05AE /* Build configuration list for PBXNativeTarget "Captioner" */;
			buildPhases = (
				15755585951E2BD620CA1610 /* Check Pods Manifest.lock */,
				770942BF1C864016007A05AE /* Sources */,
				770942C01C864016007A05AE /* Frameworks */,
				770942C11C864016007A05AE /* Resources */,
				329274F4FDDE779A5E3720ED /* Embed Pods Frameworks */,
				A61AF4542709B3B83E9C4F58 /* Copy Pods Resources */,
			);
			buildRules = (
			);
			dependencies = (
			);
			name = Captioner;
			productName = Captioner;
			productReference = 770942C31C864016007A05AE /* Captioner.app */;
			productType = "com.apple.product-type.application";
		};
/* End PBXNativeTarget section */

/* Begin PBXProject section */
		770942BB1C864016007A05AE /* Project object */ = {
			isa = PBXProject;
			attributes = {
				LastSwiftUpdateCheck = 0720;
				LastUpgradeCheck = 0720;
				ORGANIZATIONNAME = "Daylen Yang";
				TargetAttributes = {
					770942C21C864016007A05AE = {
						CreatedOnToolsVersion = 7.2.1;
						DevelopmentTeam = NR8F7ZFLA3;
					};
				};
			};
			buildConfigurationList = 770942BE1C864016007A05AE /* Build configuration list for PBXProject "Captioner" */;
			compatibilityVersion = "Xcode 3.2";
			developmentRegion = English;
			hasScannedForEncodings = 0;
			knownRegions = (
				en,
				Base,
			);
			mainGroup = 770942BA1C864016007A05AE;
			productRefGroup = 770942C41C864016007A05AE /* Products */;
			projectDirPath = "";
			projectRoot = "";
			targets = (
				770942C21C864016007A05AE /* Captioner */,
			);
		};
/* End PBXProject section */

/* Begin PBXResourcesBuildPhase section */
		770942C11C864016007A05AE /* Resources */ = {
			isa = PBXResourcesBuildPhase;
			buildActionMask = 2147483647;
			files = (
				770942D11C864016007A05AE /* LaunchScreen.storyboard in Resources */,
				770942CE1C864016007A05AE /* Assets.xcassets in Resources */,
				770942CC1C864016007A05AE /* Main.storyboard in Resources */,
			);
			runOnlyForDeploymentPostprocessing = 0;
		};
/* End PBXResourcesBuildPhase section */

/* Begin PBXShellScriptBuildPhase section */
		15755585951E2BD620CA1610 /* Check Pods Manifest.lock */ = {
			isa = PBXShellScriptBuildPhase;
			buildActionMask = 2147483647;
			files = (
			);
			inputPaths = (
			);
			name = "Check Pods Manifest.lock";
			outputPaths = (
			);
			runOnlyForDeploymentPostprocessing = 0;
			shellPath = /bin/sh;
			shellScript = "diff \"${PODS_ROOT}/../Podfile.lock\" \"${PODS_ROOT}/Manifest.lock\" > /dev/null\nif [[ $? != 0 ]] ; then\n    cat << EOM\nerror: The sandbox is not in sync with the Podfile.lock. Run 'pod install' or update your CocoaPods installation.\nEOM\n    exit 1\nfi\n";
			showEnvVarsInLog = 0;
		};
		329274F4FDDE779A5E3720ED /* Embed Pods Frameworks */ = {
			isa = PBXShellScriptBuildPhase;
			buildActionMask = 2147483647;
			files = (
			);
			inputPaths = (
			);
			name = "Embed Pods Frameworks";
			outputPaths = (
			);
			runOnlyForDeploymentPostprocessing = 0;
			shellPath = /bin/sh;
			shellScript = "\"${SRCROOT}/Pods/Target Support Files/Pods-Captioner/Pods-Captioner-frameworks.sh\"\n";
			showEnvVarsInLog = 0;
		};
		A61AF4542709B3B83E9C4F58 /* Copy Pods Resources */ = {
			isa = PBXShellScriptBuildPhase;
			buildActionMask = 2147483647;
			files = (
			);
			inputPaths = (
			);
			name = "Copy Pods Resources";
			outputPaths = (
			);
			runOnlyForDeploymentPostprocessing = 0;
			shellPath = /bin/sh;
			shellScript = "\"${SRCROOT}/Pods/Target Support Files/Pods-Captioner/Pods-Captioner-resources.sh\"\n";
			showEnvVarsInLog = 0;
		};
/* End PBXShellScriptBuildPhase section */

/* Begin PBXSourcesBuildPhase section */
		770942BF1C864016007A05AE /* Sources */ = {
			isa = PBXSourcesBuildPhase;
			buildActionMask = 2147483647;
			files = (
				770942C91C864016007A05AE /* ViewController.swift in Sources */,
				77F33B401C876A500060E512 /* CaptionViewController.swift in Sources */,
				770942C71C864016007A05AE /* AppDelegate.swift in Sources */,
			);
			runOnlyForDeploymentPostprocessing = 0;
		};
/* End PBXSourcesBuildPhase section */

/* Begin PBXVariantGroup section */
		770942CA1C864016007A05AE /* Main.storyboard */ = {
			isa = PBXVariantGroup;
			children = (
				770942CB1C864016007A05AE /* Base */,
			);
			name = Main.storyboard;
			sourceTree = "<group>";
		};
		770942CF1C864016007A05AE /* LaunchScreen.storyboard */ = {
			isa = PBXVariantGroup;
			children = (
				770942D01C864016007A05AE /* Base */,
			);
			name = LaunchScreen.storyboard;
			sourceTree = "<group>";
		};
/* End PBXVariantGroup section */

/* Begin XCBuildConfiguration section */
		770942D31C864016007A05AE /* Debug */ = {
			isa = XCBuildConfiguration;
			buildSettings = {
				ALWAYS_SEARCH_USER_PATHS = NO;
				CLANG_CXX_LANGUAGE_STANDARD = "gnu++0x";
				CLANG_CXX_LIBRARY = "libc++";
				CLANG_ENABLE_MODULES = YES;
				CLANG_ENABLE_OBJC_ARC = YES;
				CLANG_WARN_BOOL_CONVERSION = YES;
				CLANG_WARN_CONSTANT_CONVERSION = YES;
				CLANG_WARN_DIRECT_OBJC_ISA_USAGE = YES_ERROR;
				CLANG_WARN_EMPTY_BODY = YES;
				CLANG_WARN_ENUM_CONVERSION = YES;
				CLANG_WARN_INT_CONVERSION = YES;
				CLANG_WARN_OBJC_ROOT_CLASS = YES_ERROR;
				CLANG_WARN_UNREACHABLE_CODE = YES;
				CLANG_WARN__DUPLICATE_METHOD_MATCH = YES;
				"CODE_SIGN_IDENTITY[sdk=iphoneos*]" = "iPhone Developer";
				COPY_PHASE_STRIP = NO;
				DEBUG_INFORMATION_FORMAT = dwarf;
				ENABLE_STRICT_OBJC_MSGSEND = YES;
				ENABLE_TESTABILITY = YES;
				GCC_C_LANGUAGE_STANDARD = gnu99;
				GCC_DYNAMIC_NO_PIC = NO;
				GCC_NO_COMMON_BLOCKS = YES;
				GCC_OPTIMIZATION_LEVEL = 0;
				GCC_PREPROCESSOR_DEFINITIONS = (
					"DEBUG=1",
					"$(inherited)",
				);
				GCC_WARN_64_TO_32_BIT_CONVERSION = YES;
				GCC_WARN_ABOUT_RETURN_TYPE = YES_ERROR;
				GCC_WARN_UNDECLARED_SELECTOR = YES;
				GCC_WARN_UNINITIALIZED_AUTOS = YES_AGGRESSIVE;
				GCC_WARN_UNUSED_FUNCTION = YES;
				GCC_WARN_UNUSED_VARIABLE = YES;
				IPHONEOS_DEPLOYMENT_TARGET = 9.2;
				MTL_ENABLE_DEBUG_INFO = YES;
				ONLY_ACTIVE_ARCH = YES;
				SDKROOT = iphoneos;
				SWIFT_OPTIMIZATION_LEVEL = "-Onone";
			};
			name = Debug;
		};
		770942D41C864016007A05AE /* Release */ = {
			isa = XCBuildConfiguration;
			buildSettings = {
				ALWAYS_SEARCH_USER_PATHS = NO;
				CLANG_CXX_LANGUAGE_STANDARD = "gnu++0x";
				CLANG_CXX_LIBRARY = "libc++";
				CLANG_ENABLE_MODULES = YES;
				CLANG_ENABLE_OBJC_ARC = YES;
				CLANG_WARN_BOOL_CONVERSION = YES;
				CLANG_WARN_CONSTANT_CONVERSION = YES;
				CLANG_WARN_DIRECT_OBJC_ISA_USAGE = YES_ERROR;
				CLANG_WARN_EMPTY_BODY = YES;
				CLANG_WARN_ENUM_CONVERSION = YES;
				CLANG_WARN_INT_CONVERSION = YES;
				CLANG_WARN_OBJC_ROOT_CLASS = YES_ERROR;
				CLANG_WARN_UNREACHABLE_CODE = YES;
				CLANG_WARN__DUPLICATE_METHOD_MATCH = YES;
				"CODE_SIGN_IDENTITY[sdk=iphoneos*]" = "iPhone Developer";
				COPY_PHASE_STRIP = NO;
				DEBUG_INFORMATION_FORMAT = "dwarf-with-dsym";
				ENABLE_NS_ASSERTIONS = NO;
				ENABLE_STRICT_OBJC_MSGSEND = YES;
				GCC_C_LANGUAGE_STANDARD = gnu99;
				GCC_NO_COMMON_BLOCKS = YES;
				GCC_WARN_64_TO_32_BIT_CONVERSION = YES;
				GCC_WARN_ABOUT_RETURN_TYPE = YES_ERROR;
				GCC_WARN_UNDECLARED_SELECTOR = YES;
				GCC_WARN_UNINITIALIZED_AUTOS = YES_AGGRESSIVE;
				GCC_WARN_UNUSED_FUNCTION = YES;
				GCC_WARN_UNUSED_VARIABLE = YES;
				IPHONEOS_DEPLOYMENT_TARGET = 9.2;
				MTL_ENABLE_DEBUG_INFO = NO;
				SDKROOT = iphoneos;
				VALIDATE_PRODUCT = YES;
			};
			name = Release;
		};
		770942D61C864016007A05AE /* Debug */ = {
			isa = XCBuildConfiguration;
			baseConfigurationReference = 1FAF3997521A65B63EC92588 /* Pods-Captioner.debug.xcconfig */;
			buildSettings = {
				ASSETCATALOG_COMPILER_APPICON_NAME = AppIcon;
				CODE_SIGN_IDENTITY = "iPhone Developer";
				"CODE_SIGN_IDENTITY[sdk=iphoneos*]" = "iPhone Developer";
				INFOPLIST_FILE = Captioner/Info.plist;
				LD_RUNPATH_SEARCH_PATHS = "$(inherited) @executable_path/Frameworks";
				PRODUCT_BUNDLE_IDENTIFIER = com.daylenyang.Captioner;
				PRODUCT_NAME = "$(TARGET_NAME)";
				PROVISIONING_PROFILE = "";
			};
			name = Debug;
		};
		770942D71C864016007A05AE /* Release */ = {
			isa = XCBuildConfiguration;
			baseConfigurationReference = E505E16AB8CF3EFFEC968C18 /* Pods-Captioner.release.xcconfig */;
			buildSettings = {
				ASSETCATALOG_COMPILER_APPICON_NAME = AppIcon;
				CODE_SIGN_IDENTITY = "iPhone Developer";
				"CODE_SIGN_IDENTITY[sdk=iphoneos*]" = "iPhone Developer";
				INFOPLIST_FILE = Captioner/Info.plist;
				LD_RUNPATH_SEARCH_PATHS = "$(inherited) @executable_path/Frameworks";
				PRODUCT_BUNDLE_IDENTIFIER = com.daylenyang.Captioner;
				PRODUCT_NAME = "$(TARGET_NAME)";
				PROVISIONING_PROFILE = "";
			};
			name = Release;
		};
/* End XCBuildConfiguration section */

/* Begin XCConfigurationList section */
		770942BE1C864016007A05AE /* Build configuration list for PBXProject "Captioner" */ = {
			isa = XCConfigurationList;
			buildConfigurations = (
				770942D31C864016007A05AE /* Debug */,
				770942D41C864016007A05AE /* Release */,
			);
			defaultConfigurationIsVisible = 0;
			defaultConfigurationName = Release;
		};
		770942D51C864016007A05AE /* Build configuration list for PBXNativeTarget "Captioner" */ = {
			isa = XCConfigurationList;
			buildConfigurations = (
				770942D61C864016007A05AE /* Debug */,
				770942D71C864016007A05AE /* Release */,
			);
			defaultConfigurationIsVisible = 0;
			defaultConfigurationName = Release;
		};
/* End XCConfigurationList section */
	};
	rootObject = 770942BB1C864016007A05AE /* Project object */;
}
